{
<<<<<<< HEAD
  "name": "Learning_nodejs",
=======
  "name": "learning_nodejs",
  "version": "1.0.0",
>>>>>>> 58094ab34149f4e92af4fe048f9ab2c166e6b840
  "lockfileVersion": 3,
  "requires": true,
  "packages": {
    "": {
<<<<<<< HEAD
=======
      "name": "learning_nodejs",
      "version": "1.0.0",
      "license": "ISC",
>>>>>>> 58094ab34149f4e92af4fe048f9ab2c166e6b840
      "dependencies": {
        "colors": "^1.4.0"
      }
    },
    "node_modules/colors": {
      "version": "1.4.0",
      "resolved": "https://registry.npmjs.org/colors/-/colors-1.4.0.tgz",
      "integrity": "sha512-a+UqTh4kgZg/SlGvfbzDHpgRu7AAQOmmqRHJnxhRZICKFUT91brVhNNt58CMWU9PsBbv3PDCZUHbVxuDiH2mtA==",
      "engines": {
        "node": ">=0.1.90"
      }
    }
  }
}
